
Microsoft Visual Studio Solution File, Format Version 12.00
# Visual Studio 15
VisualStudioVersion = 15.0.27031.1
MinimumVisualStudioVersion = 10.0.40219.1
Project("{9A19103F-16F7-4668-BE54-9A1E7A4F7556}") = "Microsoft.AspNetCore.ApplicationInsights.HostingStartup", "src\Microsoft.AspNetCore.ApplicationInsights.HostingStartup\Microsoft.AspNetCore.ApplicationInsights.HostingStartup.csproj", "{5F7C4914-48E8-4C43-904D-ACA73BE229B0}"
EndProject
Project("{9A19103F-16F7-4668-BE54-9A1E7A4F7556}") = "ApplicationInsights.HostingStartup.Tests", "test\ApplicationInsights.HostingStartup.Tests\ApplicationInsights.HostingStartup.Tests.csproj", "{79237575-38C8-4CCB-8AF7-374AB3BBC21F}"
EndProject
Project("{9A19103F-16F7-4668-BE54-9A1E7A4F7556}") = "ApplicationInsightsHostingStartupSample", "sample\ApplicationInsightsHostingStartupSample\ApplicationInsightsHostingStartupSample.csproj", "{9FA71277-5A1E-4EA4-B088-B6B37A204DE0}"
EndProject
Global
	GlobalSection(SolutionConfigurationPlatforms) = preSolution
		Debug|Any CPU = Debug|Any CPU
		Release|Any CPU = Release|Any CPU
	EndGlobalSection
	GlobalSection(ProjectConfigurationPlatforms) = postSolution
		{5F7C4914-48E8-4C43-904D-ACA73BE229B0}.Debug|Any CPU.ActiveCfg = Debug|Any CPU
		{5F7C4914-48E8-4C43-904D-ACA73BE229B0}.Debug|Any CPU.Build.0 = Debug|Any CPU
		{5F7C4914-48E8-4C43-904D-ACA73BE229B0}.Release|Any CPU.ActiveCfg = Release|Any CPU
		{5F7C4914-48E8-4C43-904D-ACA73BE229B0}.Release|Any CPU.Build.0 = Release|Any CPU
		{79237575-38C8-4CCB-8AF7-374AB3BBC21F}.Debug|Any CPU.ActiveCfg = Debug|Any CPU
		{79237575-38C8-4CCB-8AF7-374AB3BBC21F}.Debug|Any CPU.Build.0 = Debug|Any CPU
		{79237575-38C8-4CCB-8AF7-374AB3BBC21F}.Release|Any CPU.ActiveCfg = Release|Any CPU
		{79237575-38C8-4CCB-8AF7-374AB3BBC21F}.Release|Any CPU.Build.0 = Release|Any CPU
		{9FA71277-5A1E-4EA4-B088-B6B37A204DE0}.Debug|Any CPU.ActiveCfg = Debug|Any CPU
		{9FA71277-5A1E-4EA4-B088-B6B37A204DE0}.Debug|Any CPU.Build.0 = Debug|Any CPU
		{9FA71277-5A1E-4EA4-B088-B6B37A204DE0}.Release|Any CPU.ActiveCfg = Release|Any CPU
		{9FA71277-5A1E-4EA4-B088-B6B37A204DE0}.Release|Any CPU.Build.0 = Release|Any CPU
	EndGlobalSection
	GlobalSection(SolutionProperties) = preSolution
		HideSolutionNode = FALSE
	EndGlobalSection
	GlobalSection(ExtensibilityGlobals) = postSolution
		SolutionGuid = {2339C30D-C3A2-40ED-9013-C221D504A8EB}
	EndGlobalSection
EndGlobal
